{"version":4,"terraform_version":"1.10.5","serial":12,"lineage":"8a2d8699-7ed2-2179-fa91-9fde5aae2acf","outputs":{"aws_infra_mgmt_account":{"value":{"arn":"arn:aws:organizations::780570912590:account/o-rdbgkdyowc/929926685443","email":"aws.infra-mgmt@john.koelndorfer.com","env":"bootstrap","id":"929926685443","organization_access_role":{"arn":"arn:aws:iam::929926685443:role/OrganizationAccountAccessRole","name":"OrganizationAccountAccessRole"}},"type":["object",{"arn":"string","email":"string","env":"string","id":"string","organization_access_role":["object",{"arn":"string","name":"string"}]}]},"notice":{"value":"NOTICE: Create an IAM credential for arn:aws:iam::780570912590:user/terragrunt and add it to the AWS credential path (see root.hcl)","type":"string"},"terragrunt_user":{"value":{"arn":"arn:aws:iam::780570912590:user/terragrunt","id":"terragrunt","name":"terragrunt"},"type":["object",{"arn":"string","id":"string","name":"string"}]}},"resources":[{"mode":"data","type":"aws_iam_policy_document","name":"infra_mgmt_automation","provider":"provider[\"registry.opentofu.org/hashicorp/aws\"]","instances":[{"schema_version":0,"attributes":{"id":"2200786181","json":"{\n  \"Version\": \"2012-10-17\",\n  \"Statement\": [\n    {\n      \"Sid\": \"AllowOrganizationAssumeRole\",\n      \"Effect\": \"Allow\",\n      \"Action\": \"sts:AssumeRole\",\n      \"Resource\": \"arn:aws:iam::*:role/OrganizationAccountAccessRole\"\n    },\n    {\n      \"Sid\": \"AllowOrganizationManagement\",\n      \"Effect\": \"Allow\",\n      \"Action\": [\n        \"organizations:UpdateOrganizationalUnit\",\n        \"organizations:UntagResource\",\n        \"organizations:TagResource\",\n        \"organizations:ListTagsForResource\",\n        \"organizations:ListParents\",\n        \"organizations:ListOrganizationalUnitsForParent\",\n        \"organizations:ListCreateAccountStatus\",\n        \"organizations:ListAccountsForParent\",\n        \"organizations:ListAccounts\",\n        \"organizations:DescribeOrganizationalUnit\",\n        \"organizations:DescribeOrganization\",\n        \"organizations:DescribeCreateAccountStatus\",\n        \"organizations:DescribeAccount\",\n        \"organizations:CreateOrganizationalUnit\",\n        \"organizations:CreateAccount\",\n        \"organizations:CloseAccount\"\n      ],\n      \"Resource\": \"*\"\n    }\n  ]\n}","minified_json":"{\"Version\":\"2012-10-17\",\"Statement\":[{\"Sid\":\"AllowOrganizationAssumeRole\",\"Effect\":\"Allow\",\"Action\":\"sts:AssumeRole\",\"Resource\":\"arn:aws:iam::*:role/OrganizationAccountAccessRole\"},{\"Sid\":\"AllowOrganizationManagement\",\"Effect\":\"Allow\",\"Action\":[\"organizations:UpdateOrganizationalUnit\",\"organizations:UntagResource\",\"organizations:TagResource\",\"organizations:ListTagsForResource\",\"organizations:ListParents\",\"organizations:ListOrganizationalUnitsForParent\",\"organizations:ListCreateAccountStatus\",\"organizations:ListAccountsForParent\",\"organizations:ListAccounts\",\"organizations:DescribeOrganizationalUnit\",\"organizations:DescribeOrganization\",\"organizations:DescribeCreateAccountStatus\",\"organizations:DescribeAccount\",\"organizations:CreateOrganizationalUnit\",\"organizations:CreateAccount\",\"organizations:CloseAccount\"],\"Resource\":\"*\"}]}","override_json":null,"override_policy_documents":null,"policy_id":null,"source_json":null,"source_policy_documents":null,"statement":[{"actions":["sts:AssumeRole"],"condition":[],"effect":"Allow","not_actions":[],"not_principals":[],"not_resources":[],"principals":[],"resources":["arn:aws:iam::*:role/OrganizationAccountAccessRole"],"sid":"AllowOrganizationAssumeRole"},{"actions":["organizations:CloseAccount","organizations:CreateAccount","organizations:CreateOrganizationalUnit","organizations:DescribeAccount","organizations:DescribeCreateAccountStatus","organizations:DescribeOrganization","organizations:DescribeOrganizationalUnit","organizations:ListAccounts","organizations:ListAccountsForParent","organizations:ListCreateAccountStatus","organizations:ListOrganizationalUnitsForParent","organizations:ListParents","organizations:ListTagsForResource","organizations:TagResource","organizations:UntagResource","organizations:UpdateOrganizationalUnit"],"condition":[],"effect":"Allow","not_actions":[],"not_principals":[],"not_resources":[],"principals":[],"resources":["*"],"sid":"AllowOrganizationManagement"}],"version":"2012-10-17"},"sensitive_attributes":[]}]},{"mode":"managed","type":"aws_iam_policy","name":"infra_mgmt_automation","provider":"provider[\"registry.opentofu.org/hashicorp/aws\"]","instances":[{"schema_version":0,"attributes":{"arn":"arn:aws:iam::780570912590:policy/InfrastructureManagementAutomation","attachment_count":0,"description":"Grants access for infrastructure management tooling to manage the organization.","id":"arn:aws:iam::780570912590:policy/InfrastructureManagementAutomation","name":"InfrastructureManagementAutomation","name_prefix":"","path":"/","policy":"{\"Statement\":[{\"Action\":\"sts:AssumeRole\",\"Effect\":\"Allow\",\"Resource\":\"arn:aws:iam::*:role/OrganizationAccountAccessRole\",\"Sid\":\"AllowOrganizationAssumeRole\"},{\"Action\":[\"organizations:UpdateOrganizationalUnit\",\"organizations:UntagResource\",\"organizations:TagResource\",\"organizations:ListTagsForResource\",\"organizations:ListParents\",\"organizations:ListOrganizationalUnitsForParent\",\"organizations:ListCreateAccountStatus\",\"organizations:ListAccountsForParent\",\"organizations:ListAccounts\",\"organizations:DescribeOrganizationalUnit\",\"organizations:DescribeOrganization\",\"organizations:DescribeCreateAccountStatus\",\"organizations:DescribeAccount\",\"organizations:CreateOrganizationalUnit\",\"organizations:CreateAccount\",\"organizations:CloseAccount\"],\"Effect\":\"Allow\",\"Resource\":\"*\",\"Sid\":\"AllowOrganizationManagement\"}],\"Version\":\"2012-10-17\"}","policy_id":"ANPA3LPNG45HPYLQ775XN","tags":null,"tags_all":{"env":"prod"}},"sensitive_attributes":[],"private":"bnVsbA==","dependencies":["data.aws_iam_policy_document.infra_mgmt_automation"]}]},{"mode":"managed","type":"aws_iam_user","name":"terragrunt","provider":"provider[\"registry.opentofu.org/hashicorp/aws\"]","instances":[{"schema_version":0,"attributes":{"arn":"arn:aws:iam::780570912590:user/terragrunt","force_destroy":false,"id":"terragrunt","name":"terragrunt","path":"/","permissions_boundary":"","tags":{},"tags_all":{"env":"prod"},"unique_id":"AIDA3LPNG45HB4EAPCVJ5"},"sensitive_attributes":[],"private":"bnVsbA=="}]},{"mode":"managed","type":"aws_iam_user_policy_attachment","name":"terragrunt_infra_mgmt","provider":"provider[\"registry.opentofu.org/hashicorp/aws\"]","instances":[{"schema_version":0,"attributes":{"id":"terragrunt-20250830201120616800000001","policy_arn":"arn:aws:iam::780570912590:policy/InfrastructureManagementAutomation","user":"terragrunt"},"sensitive_attributes":[],"private":"bnVsbA==","dependencies":["aws_iam_policy.infra_mgmt_automation","aws_iam_user.terragrunt","data.aws_iam_policy_document.infra_mgmt_automation"]}]},{"module":"module.infra_mgmt_account","mode":"managed","type":"aws_organizations_account","name":"this","provider":"provider[\"registry.opentofu.org/hashicorp/aws\"]","instances":[{"schema_version":0,"attributes":{"arn":"arn:aws:organizations::780570912590:account/o-rdbgkdyowc/929926685443","close_on_deletion":true,"create_govcloud":false,"email":"aws.infra-mgmt@john.koelndorfer.com","govcloud_id":null,"iam_user_access_to_billing":null,"id":"929926685443","joined_method":"CREATED","joined_timestamp":"2025-08-30T15:37:23Z","name":"infra-mgmt","parent_id":"r-sict","role_name":"OrganizationAccountAccessRole","status":"ACTIVE","tags":{"function":"infra-mgmt"},"tags_all":{"env":"prod","function":"infra-mgmt"},"timeouts":null},"sensitive_attributes":[],"private":"eyJlMmJmYjczMC1lY2FhLTExZTYtOGY4OC0zNDM2M2JjN2M0YzAiOnsiY3JlYXRlIjo2MDAwMDAwMDAwMDAsImRlbGV0ZSI6NjAwMDAwMDAwMDAwLCJ1cGRhdGUiOjYwMDAwMDAwMDAwMH19"}]}],"check_results":[{"object_kind":"var","config_addr":"module.infra_mgmt_account.var.env","status":"pass","objects":[{"object_addr":"module.infra_mgmt_account.var.env","status":"pass"}]}]}
