{"version":4,"terraform_version":"1.10.5","serial":8,"lineage":"770c9e7e-9028-fd0c-8bf0-19f058613475","outputs":{"aws_accounts":{"value":{"infra_mgmt":{"arn":"arn:aws:organizations::780570912590:account/o-rdbgkdyowc/929926685443","email":"aws.infra-mgmt@john.koelndorfer.com","env":"bootstrap","id":"929926685443","organization_access_role":{"arn":"arn:aws:iam::929926685443:role/OrganizationAccountAccessRole","name":"OrganizationAccountAccessRole"}}},"type":["object",{"infra_mgmt":["object",{"arn":"string","email":"string","env":"string","id":"string","organization_access_role":["object",{"arn":"string","name":"string"}]}]}]}},"resources":[{"module":"module.aws_account[\"infra_mgmt\"]","mode":"managed","type":"aws_organizations_account","name":"this","provider":"provider[\"registry.opentofu.org/hashicorp/aws\"]","instances":[{"schema_version":0,"attributes":{"arn":"arn:aws:organizations::780570912590:account/o-rdbgkdyowc/929926685443","close_on_deletion":true,"create_govcloud":false,"email":"aws.infra-mgmt@john.koelndorfer.com","govcloud_id":null,"iam_user_access_to_billing":null,"id":"929926685443","joined_method":"CREATED","joined_timestamp":"2025-08-30T15:37:23Z","name":"infra-mgmt","parent_id":"r-sict","role_name":"OrganizationAccountAccessRole","status":"ACTIVE","tags":{"function":"infra-mgmt"},"tags_all":{"env":"prod","function":"infra-mgmt"},"timeouts":null},"sensitive_attributes":[],"private":"eyJlMmJmYjczMC1lY2FhLTExZTYtOGY4OC0zNDM2M2JjN2M0YzAiOnsiY3JlYXRlIjo2MDAwMDAwMDAwMDAsImRlbGV0ZSI6NjAwMDAwMDAwMDAwLCJ1cGRhdGUiOjYwMDAwMDAwMDAwMH19"}]}],"check_results":[{"object_kind":"var","config_addr":"module.aws_account.var.env","status":"pass","objects":[{"object_addr":"module.aws_account[\"infra_mgmt\"].var.env","status":"pass"}]}]}
