{"version":4,"terraform_version":"1.10.5","serial":7,"lineage":"539e108e-10ae-8a89-40b5-b019302bc5b3","outputs":{"accounts":{"value":{"dev-backup":{"arn":"arn:aws:organizations::780570912590:account/o-rdbgkdyowc/015955817864","email":"aws.dev.backup@john.koelndorfer.com","env":"dev","id":"015955817864","organization_access_role":{"arn":"arn:aws:iam::015955817864:role/OrganizationAccountAccessRole","name":"OrganizationAccountAccessRole"}},"dev-dns":{"arn":"arn:aws:organizations::780570912590:account/o-rdbgkdyowc/447572331442","email":"aws.dev.dns@john.koelndorfer.com","env":"dev","id":"447572331442","organization_access_role":{"arn":"arn:aws:iam::447572331442:role/OrganizationAccountAccessRole","name":"OrganizationAccountAccessRole"}},"dev-personal-website":{"arn":"arn:aws:organizations::780570912590:account/o-rdbgkdyowc/018763152456","email":"aws.dev.personal-website@john.koelndorfer.com","env":"dev","id":"018763152456","organization_access_role":{"arn":"arn:aws:iam::018763152456:role/OrganizationAccountAccessRole","name":"OrganizationAccountAccessRole"}},"prod-backup":{"arn":"arn:aws:organizations::780570912590:account/o-rdbgkdyowc/883027049289","email":"aws.prod.backup@john.koelndorfer.com","env":"prod","id":"883027049289","organization_access_role":{"arn":"arn:aws:iam::883027049289:role/OrganizationAccountAccessRole","name":"OrganizationAccountAccessRole"}},"prod-dns":{"arn":"arn:aws:organizations::780570912590:account/o-rdbgkdyowc/013579169321","email":"aws.prod.dns@john.koelndorfer.com","env":"prod","id":"013579169321","organization_access_role":{"arn":"arn:aws:iam::013579169321:role/OrganizationAccountAccessRole","name":"OrganizationAccountAccessRole"}},"prod-personal-website":{"arn":"arn:aws:organizations::780570912590:account/o-rdbgkdyowc/184758133997","email":"aws.prod.personal-website@john.koelndorfer.com","env":"prod","id":"184758133997","organization_access_role":{"arn":"arn:aws:iam::184758133997:role/OrganizationAccountAccessRole","name":"OrganizationAccountAccessRole"}}},"type":["object",{"dev-backup":["object",{"arn":"string","email":"string","env":"string","id":"string","organization_access_role":["object",{"arn":"string","name":"string"}]}],"dev-dns":["object",{"arn":"string","email":"string","env":"string","id":"string","organization_access_role":["object",{"arn":"string","name":"string"}]}],"dev-personal-website":["object",{"arn":"string","email":"string","env":"string","id":"string","organization_access_role":["object",{"arn":"string","name":"string"}]}],"prod-backup":["object",{"arn":"string","email":"string","env":"string","id":"string","organization_access_role":["object",{"arn":"string","name":"string"}]}],"prod-dns":["object",{"arn":"string","email":"string","env":"string","id":"string","organization_access_role":["object",{"arn":"string","name":"string"}]}],"prod-personal-website":["object",{"arn":"string","email":"string","env":"string","id":"string","organization_access_role":["object",{"arn":"string","name":"string"}]}]}]}},"resources":[{"mode":"managed","type":"aws_organizations_organizational_unit","name":"dev","provider":"provider[\"registry.opentofu.org/hashicorp/aws\"]","instances":[{"schema_version":0,"attributes":{"accounts":[{"arn":"arn:aws:organizations::780570912590:account/o-rdbgkdyowc/018763152456","email":"aws.dev.personal-website@john.koelndorfer.com","id":"018763152456","name":"dev-personal-website"},{"arn":"arn:aws:organizations::780570912590:account/o-rdbgkdyowc/015955817864","email":"aws.dev.backup@john.koelndorfer.com","id":"015955817864","name":"dev-backup"}],"arn":"arn:aws:organizations::780570912590:ou/o-rdbgkdyowc/ou-sict-kxe42v6c","id":"ou-sict-kxe42v6c","name":"dev","parent_id":"r-sict","tags":{},"tags_all":{"env":"prod"}},"sensitive_attributes":[],"private":"bnVsbA=="}]},{"mode":"managed","type":"aws_organizations_organizational_unit","name":"prod","provider":"provider[\"registry.opentofu.org/hashicorp/aws\"]","instances":[{"schema_version":0,"attributes":{"accounts":[{"arn":"arn:aws:organizations::780570912590:account/o-rdbgkdyowc/184758133997","email":"aws.prod.personal-website@john.koelndorfer.com","id":"184758133997","name":"prod-personal-website"},{"arn":"arn:aws:organizations::780570912590:account/o-rdbgkdyowc/883027049289","email":"aws.prod.backup@john.koelndorfer.com","id":"883027049289","name":"prod-backup"}],"arn":"arn:aws:organizations::780570912590:ou/o-rdbgkdyowc/ou-sict-2ezuu8b2","id":"ou-sict-2ezuu8b2","name":"prod","parent_id":"r-sict","tags":{},"tags_all":{"env":"prod"}},"sensitive_attributes":[],"private":"bnVsbA=="}]},{"module":"module.account[\"dev-backup\"]","mode":"managed","type":"aws_organizations_account","name":"this","provider":"provider[\"registry.opentofu.org/hashicorp/aws\"]","instances":[{"schema_version":0,"attributes":{"arn":"arn:aws:organizations::780570912590:account/o-rdbgkdyowc/015955817864","close_on_deletion":true,"create_govcloud":false,"email":"aws.dev.backup@john.koelndorfer.com","govcloud_id":"","iam_user_access_to_billing":null,"id":"015955817864","joined_method":"CREATED","joined_timestamp":"2025-08-31T21:04:49Z","name":"dev-backup","parent_id":"ou-sict-kxe42v6c","role_name":"OrganizationAccountAccessRole","status":"ACTIVE","tags":{"function":"backup"},"tags_all":{"env":"prod","function":"backup"},"timeouts":null},"sensitive_attributes":[],"private":"eyJlMmJmYjczMC1lY2FhLTExZTYtOGY4OC0zNDM2M2JjN2M0YzAiOnsiY3JlYXRlIjo2MDAwMDAwMDAwMDAsImRlbGV0ZSI6NjAwMDAwMDAwMDAwLCJ1cGRhdGUiOjYwMDAwMDAwMDAwMH19","dependencies":["aws_organizations_organizational_unit.dev","aws_organizations_organizational_unit.prod"]}]},{"module":"module.account[\"dev-dns\"]","mode":"managed","type":"aws_organizations_account","name":"this","provider":"provider[\"registry.opentofu.org/hashicorp/aws\"]","instances":[{"schema_version":0,"attributes":{"arn":"arn:aws:organizations::780570912590:account/o-rdbgkdyowc/447572331442","close_on_deletion":true,"create_govcloud":false,"email":"aws.dev.dns@john.koelndorfer.com","govcloud_id":"","iam_user_access_to_billing":null,"id":"447572331442","joined_method":"CREATED","joined_timestamp":"2026-01-01T19:54:02Z","name":"dev-dns","parent_id":"ou-sict-kxe42v6c","role_name":"OrganizationAccountAccessRole","status":"ACTIVE","tags":{"function":"dns"},"tags_all":{"env":"prod","function":"dns"},"timeouts":null},"sensitive_attributes":[],"private":"eyJlMmJmYjczMC1lY2FhLTExZTYtOGY4OC0zNDM2M2JjN2M0YzAiOnsiY3JlYXRlIjo2MDAwMDAwMDAwMDAsImRlbGV0ZSI6NjAwMDAwMDAwMDAwLCJ1cGRhdGUiOjYwMDAwMDAwMDAwMH19","dependencies":["aws_organizations_organizational_unit.dev","aws_organizations_organizational_unit.prod"]}]},{"module":"module.account[\"dev-personal-website\"]","mode":"managed","type":"aws_organizations_account","name":"this","provider":"provider[\"registry.opentofu.org/hashicorp/aws\"]","instances":[{"schema_version":0,"attributes":{"arn":"arn:aws:organizations::780570912590:account/o-rdbgkdyowc/018763152456","close_on_deletion":true,"create_govcloud":false,"email":"aws.dev.personal-website@john.koelndorfer.com","govcloud_id":"","iam_user_access_to_billing":null,"id":"018763152456","joined_method":"CREATED","joined_timestamp":"2025-12-06T20:10:03Z","name":"dev-personal-website","parent_id":"ou-sict-kxe42v6c","role_name":"OrganizationAccountAccessRole","status":"ACTIVE","tags":{"function":"personal-website"},"tags_all":{"env":"prod","function":"personal-website"},"timeouts":null},"sensitive_attributes":[],"private":"eyJlMmJmYjczMC1lY2FhLTExZTYtOGY4OC0zNDM2M2JjN2M0YzAiOnsiY3JlYXRlIjo2MDAwMDAwMDAwMDAsImRlbGV0ZSI6NjAwMDAwMDAwMDAwLCJ1cGRhdGUiOjYwMDAwMDAwMDAwMH19","dependencies":["aws_organizations_organizational_unit.dev","aws_organizations_organizational_unit.prod"]}]},{"module":"module.account[\"prod-backup\"]","mode":"managed","type":"aws_organizations_account","name":"this","provider":"provider[\"registry.opentofu.org/hashicorp/aws\"]","instances":[{"schema_version":0,"attributes":{"arn":"arn:aws:organizations::780570912590:account/o-rdbgkdyowc/883027049289","close_on_deletion":true,"create_govcloud":false,"email":"aws.prod.backup@john.koelndorfer.com","govcloud_id":"","iam_user_access_to_billing":null,"id":"883027049289","joined_method":"CREATED","joined_timestamp":"2025-08-31T21:04:50Z","name":"prod-backup","parent_id":"ou-sict-2ezuu8b2","role_name":"OrganizationAccountAccessRole","status":"ACTIVE","tags":{"function":"backup"},"tags_all":{"env":"prod","function":"backup"},"timeouts":null},"sensitive_attributes":[],"private":"eyJlMmJmYjczMC1lY2FhLTExZTYtOGY4OC0zNDM2M2JjN2M0YzAiOnsiY3JlYXRlIjo2MDAwMDAwMDAwMDAsImRlbGV0ZSI6NjAwMDAwMDAwMDAwLCJ1cGRhdGUiOjYwMDAwMDAwMDAwMH19","dependencies":["aws_organizations_organizational_unit.dev","aws_organizations_organizational_unit.prod"]}]},{"module":"module.account[\"prod-dns\"]","mode":"managed","type":"aws_organizations_account","name":"this","provider":"provider[\"registry.opentofu.org/hashicorp/aws\"]","instances":[{"schema_version":0,"attributes":{"arn":"arn:aws:organizations::780570912590:account/o-rdbgkdyowc/013579169321","close_on_deletion":true,"create_govcloud":false,"email":"aws.prod.dns@john.koelndorfer.com","govcloud_id":"","iam_user_access_to_billing":null,"id":"013579169321","joined_method":"CREATED","joined_timestamp":"2026-01-01T19:54:02Z","name":"prod-dns","parent_id":"ou-sict-2ezuu8b2","role_name":"OrganizationAccountAccessRole","status":"ACTIVE","tags":{"function":"dns"},"tags_all":{"env":"prod","function":"dns"},"timeouts":null},"sensitive_attributes":[],"private":"eyJlMmJmYjczMC1lY2FhLTExZTYtOGY4OC0zNDM2M2JjN2M0YzAiOnsiY3JlYXRlIjo2MDAwMDAwMDAwMDAsImRlbGV0ZSI6NjAwMDAwMDAwMDAwLCJ1cGRhdGUiOjYwMDAwMDAwMDAwMH19","dependencies":["aws_organizations_organizational_unit.dev","aws_organizations_organizational_unit.prod"]}]},{"module":"module.account[\"prod-personal-website\"]","mode":"managed","type":"aws_organizations_account","name":"this","provider":"provider[\"registry.opentofu.org/hashicorp/aws\"]","instances":[{"schema_version":0,"attributes":{"arn":"arn:aws:organizations::780570912590:account/o-rdbgkdyowc/184758133997","close_on_deletion":true,"create_govcloud":false,"email":"aws.prod.personal-website@john.koelndorfer.com","govcloud_id":"","iam_user_access_to_billing":null,"id":"184758133997","joined_method":"CREATED","joined_timestamp":"2025-12-06T20:08:57Z","name":"prod-personal-website","parent_id":"ou-sict-2ezuu8b2","role_name":"OrganizationAccountAccessRole","status":"ACTIVE","tags":{"function":"personal-website"},"tags_all":{"env":"prod","function":"personal-website"},"timeouts":null},"sensitive_attributes":[],"private":"eyJlMmJmYjczMC1lY2FhLTExZTYtOGY4OC0zNDM2M2JjN2M0YzAiOnsiY3JlYXRlIjo2MDAwMDAwMDAwMDAsImRlbGV0ZSI6NjAwMDAwMDAwMDAwLCJ1cGRhdGUiOjYwMDAwMDAwMDAwMH19","dependencies":["aws_organizations_organizational_unit.dev","aws_organizations_organizational_unit.prod"]}]}],"check_results":[{"object_kind":"var","config_addr":"module.account.var.env","status":"pass","objects":[{"object_addr":"module.account[\"prod-personal-website\"].var.env","status":"pass"},{"object_addr":"module.account[\"dev-backup\"].var.env","status":"pass"},{"object_addr":"module.account[\"dev-dns\"].var.env","status":"pass"},{"object_addr":"module.account[\"dev-personal-website\"].var.env","status":"pass"},{"object_addr":"module.account[\"prod-backup\"].var.env","status":"pass"},{"object_addr":"module.account[\"prod-dns\"].var.env","status":"pass"}]}]}
