{"version":4,"terraform_version":"1.10.5","serial":8,"lineage":"f2a6a84e-e1d3-2eac-0bcb-0b2a9185c0ce","outputs":{},"resources":[{"mode":"managed","type":"google_project","name":"infra_mgmt","provider":"provider[\"registry.opentofu.org/opentofu/google\"]","instances":[{"schema_version":1,"attributes":{"auto_create_network":true,"billing_account":"018603-0A0108-775C8E","deletion_policy":"PREVENT","effective_labels":{"env":"prod","goog-terraform-provisioned":"true"},"folder_id":"","id":"projects/infra-mgmt-jpbrcw","labels":{},"name":"infra-mgmt","number":"280017338435","org_id":"285001668841","project_id":"infra-mgmt-jpbrcw","tags":null,"terraform_labels":{"env":"prod","goog-terraform-provisioned":"true"},"timeouts":null},"sensitive_attributes":[],"private":"eyJlMmJmYjczMC1lY2FhLTExZTYtOGY4OC0zNDM2M2JjN2M0YzAiOnsiY3JlYXRlIjo2MDAwMDAwMDAwMDAsImRlbGV0ZSI6NjAwMDAwMDAwMDAwLCJyZWFkIjo2MDAwMDAwMDAwMDAsInVwZGF0ZSI6NjAwMDAwMDAwMDAwfSwic2NoZW1hX3ZlcnNpb24iOiIxIn0=","dependencies":["random_string.project_id_suffix"]}]},{"mode":"managed","type":"google_storage_bucket","name":"tf_state","provider":"provider[\"registry.opentofu.org/opentofu/google\"]","instances":[{"schema_version":3,"attributes":{"autoclass":[],"cors":[],"custom_placement_config":[],"default_event_based_hold":false,"effective_labels":{"env":"prod","goog-terraform-provisioned":"true"},"enable_object_retention":false,"encryption":[],"force_destroy":false,"hierarchical_namespace":[{"enabled":false}],"id":"285001668841-tfstate","ip_filter":[],"labels":null,"lifecycle_rule":[],"location":"US","logging":[],"name":"285001668841-tfstate","project":"infra-mgmt-jpbrcw","project_number":280017338435,"public_access_prevention":"inherited","requester_pays":false,"retention_policy":[],"rpo":"DEFAULT","self_link":"https://www.googleapis.com/storage/v1/b/285001668841-tfstate","soft_delete_policy":[{"effective_time":"2025-08-03T20:43:01.065Z","retention_duration_seconds":604800}],"storage_class":"STANDARD","terraform_labels":{"env":"prod","goog-terraform-provisioned":"true"},"time_created":"2025-08-03T20:43:01.065Z","timeouts":null,"uniform_bucket_level_access":true,"updated":"2025-08-03T20:43:01.065Z","url":"gs://285001668841-tfstate","versioning":[{"enabled":true}],"website":[]},"sensitive_attributes":[],"private":"eyJlMmJmYjczMC1lY2FhLTExZTYtOGY4OC0zNDM2M2JjN2M0YzAiOnsiY3JlYXRlIjo2MDAwMDAwMDAwMDAsInJlYWQiOjI0MDAwMDAwMDAwMCwidXBkYXRlIjoyNDAwMDAwMDAwMDB9LCJzY2hlbWFfdmVyc2lvbiI6IjMifQ==","dependencies":["google_project.infra_mgmt","random_string.project_id_suffix"]}]},{"mode":"managed","type":"random_string","name":"project_id_suffix","provider":"provider[\"registry.opentofu.org/opentofu/random\"]","instances":[{"schema_version":2,"attributes":{"id":"jpbrcw","keepers":null,"length":6,"lower":true,"min_lower":0,"min_numeric":0,"min_special":0,"min_upper":0,"number":false,"numeric":false,"override_special":null,"result":"jpbrcw","special":false,"upper":false},"sensitive_attributes":[]}]}],"check_results":null}
