{"version":4,"terraform_version":"1.10.5","serial":11,"lineage":"e3cf42e9-de3b-d7a6-813e-2606f12dafe9","outputs":{"infra_mgmt_project":{"value":{"name":"infra-mgmt","number":"1085189686546","project_id":"infra-mgmt-285001668841"},"type":["object",{"name":"string","number":"string","project_id":"string"}]},"terragrunt_service_account":{"value":{"email":"terragrunt@infra-mgmt-285001668841.iam.gserviceaccount.com"},"type":["object",{"email":"string"}]}},"resources":[{"mode":"managed","type":"google_billing_account_iam_member","name":"terragrunt_billing","provider":"provider[\"registry.opentofu.org/hashicorp/google\"]","instances":[{"schema_version":0,"attributes":{"billing_account_id":"018603-0A0108-775C8E","condition":[],"etag":"BwY+I3PWg6o=","id":"018603-0A0108-775C8E/roles/billing.user/serviceAccount:terragrunt@infra-mgmt-285001668841.iam.gserviceaccount.com","member":"serviceAccount:terragrunt@infra-mgmt-285001668841.iam.gserviceaccount.com","role":"roles/billing.user"},"sensitive_attributes":[],"private":"bnVsbA==","dependencies":["google_project.infra_mgmt","google_service_account.terragrunt"]}]},{"mode":"managed","type":"google_billing_account_iam_member","name":"terragrunt_cost_manager","provider":"provider[\"registry.opentofu.org/hashicorp/google\"]","instances":[{"schema_version":0,"attributes":{"billing_account_id":"018603-0A0108-775C8E","condition":[],"etag":"BwY+I3PWg6o=","id":"018603-0A0108-775C8E/roles/billing.costsManager/serviceAccount:terragrunt@infra-mgmt-285001668841.iam.gserviceaccount.com","member":"serviceAccount:terragrunt@infra-mgmt-285001668841.iam.gserviceaccount.com","role":"roles/billing.costsManager"},"sensitive_attributes":[],"private":"bnVsbA==","dependencies":["google_project.infra_mgmt","google_service_account.terragrunt"]}]},{"mode":"managed","type":"google_org_policy_policy","name":"enforced_constraint","provider":"provider[\"registry.opentofu.org/hashicorp/google\"].infra","instances":[{"index_key":"compute.skipDefaultNetworkCreation","schema_version":0,"attributes":{"dry_run_spec":[],"etag":"CLXBiMUGEMC56vMB-","id":"organizations/285001668841/policies/compute.skipDefaultNetworkCreation","name":"compute.skipDefaultNetworkCreation","parent":"organizations/285001668841","spec":[{"etag":"CLXBiMUGEMC56vMB","inherit_from_parent":false,"reset":false,"rules":[{"allow_all":"","condition":[],"deny_all":"","enforce":"TRUE","parameters":"","values":[]}],"update_time":"2025-08-17T18:34:29.511352Z"}],"timeouts":null},"sensitive_attributes":[],"private":"eyJlMmJmYjczMC1lY2FhLTExZTYtOGY4OC0zNDM2M2JjN2M0YzAiOnsiY3JlYXRlIjoxMjAwMDAwMDAwMDAwLCJkZWxldGUiOjEyMDAwMDAwMDAwMDAsInVwZGF0ZSI6MTIwMDAwMDAwMDAwMH19","dependencies":["google_project.infra_mgmt","google_project_service.infra_mgmt"]},{"index_key":"iam.automaticIamGrantsForDefaultServiceAccounts","schema_version":0,"attributes":{"dry_run_spec":[],"etag":"CLXBiMUGEMjWl/QB-","id":"organizations/285001668841/policies/iam.automaticIamGrantsForDefaultServiceAccounts","name":"iam.automaticIamGrantsForDefaultServiceAccounts","parent":"organizations/285001668841","spec":[{"etag":"CLXBiMUGEMjWl/QB","inherit_from_parent":false,"reset":false,"rules":[{"allow_all":"","condition":[],"deny_all":"","enforce":"TRUE","parameters":"","values":[]}],"update_time":"2025-08-17T18:34:29.512093Z"}],"timeouts":null},"sensitive_attributes":[],"private":"eyJlMmJmYjczMC1lY2FhLTExZTYtOGY4OC0zNDM2M2JjN2M0YzAiOnsiY3JlYXRlIjoxMjAwMDAwMDAwMDAwLCJkZWxldGUiOjEyMDAwMDAwMDAwMDAsInVwZGF0ZSI6MTIwMDAwMDAwMDAwMH19","dependencies":["google_project.infra_mgmt","google_project_service.infra_mgmt"]},{"index_key":"iam.managed.preventPrivilegedBasicRolesForDefaultServiceAccounts","schema_version":0,"attributes":{"dry_run_spec":[],"etag":"CLXBiMUGEPCets4B-","id":"organizations/285001668841/policies/iam.managed.preventPrivilegedBasicRolesForDefaultServiceAccounts","name":"iam.managed.preventPrivilegedBasicRolesForDefaultServiceAccounts","parent":"organizations/285001668841","spec":[{"etag":"CLXBiMUGEPCets4B","inherit_from_parent":false,"reset":false,"rules":[{"allow_all":"","condition":[],"deny_all":"","enforce":"TRUE","parameters":"","values":[]}],"update_time":"2025-08-17T18:34:29.432902Z"}],"timeouts":null},"sensitive_attributes":[],"private":"eyJlMmJmYjczMC1lY2FhLTExZTYtOGY4OC0zNDM2M2JjN2M0YzAiOnsiY3JlYXRlIjoxMjAwMDAwMDAwMDAwLCJkZWxldGUiOjEyMDAwMDAwMDAwMDAsInVwZGF0ZSI6MTIwMDAwMDAwMDAwMH19","dependencies":["google_project.infra_mgmt","google_project_service.infra_mgmt"]}]},{"mode":"managed","type":"google_organization_iam_member","name":"personal_iam","provider":"provider[\"registry.opentofu.org/hashicorp/google\"]","instances":[{"index_key":"roles/billing.viewer","schema_version":0,"attributes":{"condition":[],"etag":"BwY8lUf0cjA=","id":"285001668841/roles/billing.viewer/user:john@koelndorfer.com","member":"user:john@koelndorfer.com","org_id":"285001668841","role":"roles/billing.viewer"},"sensitive_attributes":[],"private":"bnVsbA=="},{"index_key":"roles/iam.organizationRoleViewer","schema_version":0,"attributes":{"condition":[],"etag":"BwY8lUf0cjA=","id":"285001668841/roles/iam.organizationRoleViewer/user:john@koelndorfer.com","member":"user:john@koelndorfer.com","org_id":"285001668841","role":"roles/iam.organizationRoleViewer"},"sensitive_attributes":[],"private":"bnVsbA=="},{"index_key":"roles/orgpolicy.policyViewer","schema_version":0,"attributes":{"condition":[],"etag":"BwY8lUf0cjA=","id":"285001668841/roles/orgpolicy.policyViewer/user:john@koelndorfer.com","member":"user:john@koelndorfer.com","org_id":"285001668841","role":"roles/orgpolicy.policyViewer"},"sensitive_attributes":[],"private":"bnVsbA=="},{"index_key":"roles/resourcemanager.folderViewer","schema_version":0,"attributes":{"condition":[],"etag":"BwY8lUf0cjA=","id":"285001668841/roles/resourcemanager.folderViewer/user:john@koelndorfer.com","member":"user:john@koelndorfer.com","org_id":"285001668841","role":"roles/resourcemanager.folderViewer"},"sensitive_attributes":[],"private":"bnVsbA=="},{"index_key":"roles/viewer","schema_version":0,"attributes":{"condition":[],"etag":"BwY8lUf0cjA=","id":"285001668841/roles/viewer/user:john@koelndorfer.com","member":"user:john@koelndorfer.com","org_id":"285001668841","role":"roles/viewer"},"sensitive_attributes":[],"private":"bnVsbA=="}]},{"mode":"managed","type":"google_organization_iam_member","name":"terragrunt_folder_creator","provider":"provider[\"registry.opentofu.org/hashicorp/google\"]","instances":[{"schema_version":0,"attributes":{"condition":[],"etag":"BwY8lUf0cjA=","id":"285001668841/roles/resourcemanager.folderCreator/serviceAccount:terragrunt@infra-mgmt-285001668841.iam.gserviceaccount.com","member":"serviceAccount:terragrunt@infra-mgmt-285001668841.iam.gserviceaccount.com","org_id":"285001668841","role":"roles/resourcemanager.folderCreator"},"sensitive_attributes":[],"private":"bnVsbA==","dependencies":["google_project.infra_mgmt","google_service_account.terragrunt"]}]},{"mode":"managed","type":"google_organization_iam_member","name":"terragrunt_project_creator","provider":"provider[\"registry.opentofu.org/hashicorp/google\"]","instances":[{"schema_version":0,"attributes":{"condition":[],"etag":"BwY8lUf0cjA=","id":"285001668841/roles/resourcemanager.projectCreator/serviceAccount:terragrunt@infra-mgmt-285001668841.iam.gserviceaccount.com","member":"serviceAccount:terragrunt@infra-mgmt-285001668841.iam.gserviceaccount.com","org_id":"285001668841","role":"roles/resourcemanager.projectCreator"},"sensitive_attributes":[],"private":"bnVsbA==","dependencies":["google_project.infra_mgmt","google_service_account.terragrunt"]}]},{"mode":"managed","type":"google_project","name":"infra_mgmt","provider":"provider[\"registry.opentofu.org/hashicorp/google\"]","instances":[{"schema_version":1,"attributes":{"auto_create_network":true,"billing_account":"018603-0A0108-775C8E","deletion_policy":"PREVENT","effective_labels":{"env":"prod","function":"infra-mgmt","goog-terraform-provisioned":"true"},"folder_id":"","id":"projects/infra-mgmt-285001668841","labels":{"function":"infra-mgmt"},"name":"infra-mgmt","number":"1085189686546","org_id":"285001668841","project_id":"infra-mgmt-285001668841","tags":null,"terraform_labels":{"env":"prod","function":"infra-mgmt","goog-terraform-provisioned":"true"},"timeouts":null},"sensitive_attributes":[],"private":"eyJlMmJmYjczMC1lY2FhLTExZTYtOGY4OC0zNDM2M2JjN2M0YzAiOnsiY3JlYXRlIjo2MDAwMDAwMDAwMDAsImRlbGV0ZSI6NjAwMDAwMDAwMDAwLCJyZWFkIjo2MDAwMDAwMDAwMDAsInVwZGF0ZSI6NjAwMDAwMDAwMDAwfSwic2NoZW1hX3ZlcnNpb24iOiIxIn0="}]},{"mode":"managed","type":"google_project_iam_member","name":"terragrunt_infra_mgmt_monitoring_channel_editor","provider":"provider[\"registry.opentofu.org/hashicorp/google\"]","instances":[{"schema_version":0,"attributes":{"condition":[],"etag":"BwY+I3QFwgU=","id":"infra-mgmt-285001668841/roles/monitoring.notificationChannelEditor/serviceAccount:terragrunt@infra-mgmt-285001668841.iam.gserviceaccount.com","member":"serviceAccount:terragrunt@infra-mgmt-285001668841.iam.gserviceaccount.com","project":"infra-mgmt-285001668841","role":"roles/monitoring.notificationChannelEditor"},"sensitive_attributes":[],"private":"bnVsbA==","dependencies":["google_project.infra_mgmt","google_service_account.terragrunt"]}]},{"mode":"managed","type":"google_project_iam_member","name":"terragrunt_infra_mgmt_secret_reader","provider":"provider[\"registry.opentofu.org/hashicorp/google\"]","instances":[{"schema_version":0,"attributes":{"condition":[],"etag":"BwY+I3QFwgU=","id":"infra-mgmt-285001668841/roles/secretmanager.secretAccessor/serviceAccount:terragrunt@infra-mgmt-285001668841.iam.gserviceaccount.com","member":"serviceAccount:terragrunt@infra-mgmt-285001668841.iam.gserviceaccount.com","project":"infra-mgmt-285001668841","role":"roles/secretmanager.secretAccessor"},"sensitive_attributes":[],"private":"bnVsbA==","dependencies":["google_project.infra_mgmt","google_service_account.terragrunt"]}]},{"mode":"managed","type":"google_project_iam_member","name":"terragrunt_service_consumer","provider":"provider[\"registry.opentofu.org/hashicorp/google\"]","instances":[{"schema_version":0,"attributes":{"condition":[],"etag":"BwY+I3QFwgU=","id":"infra-mgmt-285001668841/roles/serviceusage.serviceUsageConsumer/serviceAccount:terragrunt@infra-mgmt-285001668841.iam.gserviceaccount.com","member":"serviceAccount:terragrunt@infra-mgmt-285001668841.iam.gserviceaccount.com","project":"infra-mgmt-285001668841","role":"roles/serviceusage.serviceUsageConsumer"},"sensitive_attributes":[],"private":"bnVsbA==","dependencies":["google_project.infra_mgmt","google_service_account.terragrunt"]}]},{"mode":"managed","type":"google_project_service","name":"infra_mgmt","provider":"provider[\"registry.opentofu.org/hashicorp/google\"]","instances":[{"index_key":"billingbudgets.googleapis.com","schema_version":0,"attributes":{"disable_dependent_services":null,"disable_on_destroy":true,"id":"infra-mgmt-285001668841/billingbudgets.googleapis.com","project":"infra-mgmt-285001668841","service":"billingbudgets.googleapis.com","timeouts":null},"sensitive_attributes":[],"private":"eyJlMmJmYjczMC1lY2FhLTExZTYtOGY4OC0zNDM2M2JjN2M0YzAiOnsiY3JlYXRlIjoxMjAwMDAwMDAwMDAwLCJkZWxldGUiOjEyMDAwMDAwMDAwMDAsInJlYWQiOjYwMDAwMDAwMDAwMCwidXBkYXRlIjoxMjAwMDAwMDAwMDAwfX0=","dependencies":["google_project.infra_mgmt"]},{"index_key":"cloudbilling.googleapis.com","schema_version":0,"attributes":{"disable_dependent_services":null,"disable_on_destroy":true,"id":"infra-mgmt-285001668841/cloudbilling.googleapis.com","project":"infra-mgmt-285001668841","service":"cloudbilling.googleapis.com","timeouts":null},"sensitive_attributes":[],"private":"eyJlMmJmYjczMC1lY2FhLTExZTYtOGY4OC0zNDM2M2JjN2M0YzAiOnsiY3JlYXRlIjoxMjAwMDAwMDAwMDAwLCJkZWxldGUiOjEyMDAwMDAwMDAwMDAsInJlYWQiOjYwMDAwMDAwMDAwMCwidXBkYXRlIjoxMjAwMDAwMDAwMDAwfX0=","dependencies":["google_project.infra_mgmt"]},{"index_key":"cloudresourcemanager.googleapis.com","schema_version":0,"attributes":{"disable_dependent_services":null,"disable_on_destroy":true,"id":"infra-mgmt-285001668841/cloudresourcemanager.googleapis.com","project":"infra-mgmt-285001668841","service":"cloudresourcemanager.googleapis.com","timeouts":null},"sensitive_attributes":[],"private":"eyJlMmJmYjczMC1lY2FhLTExZTYtOGY4OC0zNDM2M2JjN2M0YzAiOnsiY3JlYXRlIjoxMjAwMDAwMDAwMDAwLCJkZWxldGUiOjEyMDAwMDAwMDAwMDAsInJlYWQiOjYwMDAwMDAwMDAwMCwidXBkYXRlIjoxMjAwMDAwMDAwMDAwfX0=","dependencies":["google_project.infra_mgmt"]},{"index_key":"iam.googleapis.com","schema_version":0,"attributes":{"disable_dependent_services":null,"disable_on_destroy":true,"id":"infra-mgmt-285001668841/iam.googleapis.com","project":"infra-mgmt-285001668841","service":"iam.googleapis.com","timeouts":null},"sensitive_attributes":[],"private":"eyJlMmJmYjczMC1lY2FhLTExZTYtOGY4OC0zNDM2M2JjN2M0YzAiOnsiY3JlYXRlIjoxMjAwMDAwMDAwMDAwLCJkZWxldGUiOjEyMDAwMDAwMDAwMDAsInJlYWQiOjYwMDAwMDAwMDAwMCwidXBkYXRlIjoxMjAwMDAwMDAwMDAwfX0=","dependencies":["google_project.infra_mgmt"]},{"index_key":"monitoring.googleapis.com","schema_version":0,"attributes":{"disable_dependent_services":null,"disable_on_destroy":true,"id":"infra-mgmt-285001668841/monitoring.googleapis.com","project":"infra-mgmt-285001668841","service":"monitoring.googleapis.com","timeouts":null},"sensitive_attributes":[],"private":"eyJlMmJmYjczMC1lY2FhLTExZTYtOGY4OC0zNDM2M2JjN2M0YzAiOnsiY3JlYXRlIjoxMjAwMDAwMDAwMDAwLCJkZWxldGUiOjEyMDAwMDAwMDAwMDAsInJlYWQiOjYwMDAwMDAwMDAwMCwidXBkYXRlIjoxMjAwMDAwMDAwMDAwfX0=","dependencies":["google_project.infra_mgmt"]},{"index_key":"orgpolicy.googleapis.com","schema_version":0,"attributes":{"disable_dependent_services":null,"disable_on_destroy":true,"id":"infra-mgmt-285001668841/orgpolicy.googleapis.com","project":"infra-mgmt-285001668841","service":"orgpolicy.googleapis.com","timeouts":null},"sensitive_attributes":[],"private":"eyJlMmJmYjczMC1lY2FhLTExZTYtOGY4OC0zNDM2M2JjN2M0YzAiOnsiY3JlYXRlIjoxMjAwMDAwMDAwMDAwLCJkZWxldGUiOjEyMDAwMDAwMDAwMDAsInJlYWQiOjYwMDAwMDAwMDAwMCwidXBkYXRlIjoxMjAwMDAwMDAwMDAwfX0=","dependencies":["google_project.infra_mgmt"]},{"index_key":"secretmanager.googleapis.com","schema_version":0,"attributes":{"disable_dependent_services":null,"disable_on_destroy":true,"id":"infra-mgmt-285001668841/secretmanager.googleapis.com","project":"infra-mgmt-285001668841","service":"secretmanager.googleapis.com","timeouts":null},"sensitive_attributes":[],"private":"eyJlMmJmYjczMC1lY2FhLTExZTYtOGY4OC0zNDM2M2JjN2M0YzAiOnsiY3JlYXRlIjoxMjAwMDAwMDAwMDAwLCJkZWxldGUiOjEyMDAwMDAwMDAwMDAsInJlYWQiOjYwMDAwMDAwMDAwMCwidXBkYXRlIjoxMjAwMDAwMDAwMDAwfX0=","dependencies":["google_project.infra_mgmt"]},{"index_key":"serviceusage.googleapis.com","schema_version":0,"attributes":{"disable_dependent_services":null,"disable_on_destroy":true,"id":"infra-mgmt-285001668841/serviceusage.googleapis.com","project":"infra-mgmt-285001668841","service":"serviceusage.googleapis.com","timeouts":null},"sensitive_attributes":[],"private":"eyJlMmJmYjczMC1lY2FhLTExZTYtOGY4OC0zNDM2M2JjN2M0YzAiOnsiY3JlYXRlIjoxMjAwMDAwMDAwMDAwLCJkZWxldGUiOjEyMDAwMDAwMDAwMDAsInJlYWQiOjYwMDAwMDAwMDAwMCwidXBkYXRlIjoxMjAwMDAwMDAwMDAwfX0=","dependencies":["google_project.infra_mgmt"]}]},{"mode":"managed","type":"google_secret_manager_secret","name":"anonymous_domains","provider":"provider[\"registry.opentofu.org/hashicorp/google\"]","instances":[{"schema_version":0,"attributes":{"annotations":{},"create_time":"2025-08-17T18:34:29.925618Z","deletion_protection":false,"effective_annotations":{},"effective_labels":{"env":"prod","goog-terraform-provisioned":"true"},"expire_time":"","id":"projects/infra-mgmt-285001668841/secrets/anonymous-domains","labels":{},"name":"projects/1085189686546/secrets/anonymous-domains","project":"infra-mgmt-285001668841","replication":[{"auto":[{"customer_managed_encryption":[]}],"user_managed":[]}],"rotation":[],"secret_id":"anonymous-domains","tags":null,"terraform_labels":{"env":"prod","goog-terraform-provisioned":"true"},"timeouts":null,"topics":[],"ttl":null,"version_aliases":{},"version_destroy_ttl":""},"sensitive_attributes":[],"private":"eyJlMmJmYjczMC1lY2FhLTExZTYtOGY4OC0zNDM2M2JjN2M0YzAiOnsiY3JlYXRlIjoxMjAwMDAwMDAwMDAwLCJkZWxldGUiOjEyMDAwMDAwMDAwMDAsInVwZGF0ZSI6MTIwMDAwMDAwMDAwMH19","dependencies":["google_project.infra_mgmt","google_project_service.infra_mgmt"]}]},{"mode":"managed","type":"google_secret_manager_secret","name":"google_chat_cloud_billing_alerts_space","provider":"provider[\"registry.opentofu.org/hashicorp/google\"]","instances":[{"schema_version":0,"attributes":{"annotations":{},"create_time":"2025-09-04T02:10:08.594912Z","deletion_protection":false,"effective_annotations":{},"effective_labels":{"env":"prod","goog-terraform-provisioned":"true"},"expire_time":"","id":"projects/infra-mgmt-285001668841/secrets/cloud-billing-alerts","labels":{},"name":"projects/1085189686546/secrets/cloud-billing-alerts","project":"infra-mgmt-285001668841","replication":[{"auto":[{"customer_managed_encryption":[]}],"user_managed":[]}],"rotation":[],"secret_id":"cloud-billing-alerts","tags":null,"terraform_labels":{"env":"prod","goog-terraform-provisioned":"true"},"timeouts":null,"topics":[],"ttl":null,"version_aliases":{},"version_destroy_ttl":""},"sensitive_attributes":[],"private":"eyJlMmJmYjczMC1lY2FhLTExZTYtOGY4OC0zNDM2M2JjN2M0YzAiOnsiY3JlYXRlIjoxMjAwMDAwMDAwMDAwLCJkZWxldGUiOjEyMDAwMDAwMDAwMDAsInVwZGF0ZSI6MTIwMDAwMDAwMDAwMH19","dependencies":["google_project.infra_mgmt","google_project_service.infra_mgmt"]}]},{"mode":"managed","type":"google_service_account","name":"terragrunt","provider":"provider[\"registry.opentofu.org/hashicorp/google\"]","instances":[{"schema_version":0,"attributes":{"account_id":"terragrunt","create_ignore_already_exists":null,"description":"Service account used by Terragrunt to apply infrastructure changes","disabled":false,"display_name":"Terragrunt","email":"terragrunt@infra-mgmt-285001668841.iam.gserviceaccount.com","id":"projects/infra-mgmt-285001668841/serviceAccounts/terragrunt@infra-mgmt-285001668841.iam.gserviceaccount.com","member":"serviceAccount:terragrunt@infra-mgmt-285001668841.iam.gserviceaccount.com","name":"projects/infra-mgmt-285001668841/serviceAccounts/terragrunt@infra-mgmt-285001668841.iam.gserviceaccount.com","project":"infra-mgmt-285001668841","timeouts":null,"unique_id":"114219330240550587973"},"sensitive_attributes":[],"private":"eyJlMmJmYjczMC1lY2FhLTExZTYtOGY4OC0zNDM2M2JjN2M0YzAiOnsiY3JlYXRlIjozMDAwMDAwMDAwMDB9fQ==","dependencies":["google_project.infra_mgmt"]}]},{"mode":"managed","type":"google_storage_bucket","name":"infrastate","provider":"provider[\"registry.opentofu.org/hashicorp/google\"]","instances":[{"schema_version":3,"attributes":{"autoclass":[],"cors":[],"custom_placement_config":[],"default_event_based_hold":false,"effective_labels":{"env":"prod","goog-terraform-provisioned":"true"},"enable_object_retention":false,"encryption":[],"force_destroy":false,"hierarchical_namespace":[{"enabled":false}],"id":"infrastate-285001668841","ip_filter":[],"labels":{},"lifecycle_rule":[],"location":"US","logging":[],"name":"infrastate-285001668841","project":"infra-mgmt-285001668841","project_number":1085189686546,"public_access_prevention":"enforced","requester_pays":false,"retention_policy":[],"rpo":"DEFAULT","self_link":"https://www.googleapis.com/storage/v1/b/infrastate-285001668841","soft_delete_policy":[{"effective_time":"2025-08-17T18:34:08.518Z","retention_duration_seconds":604800}],"storage_class":"STANDARD","terraform_labels":{"env":"prod","goog-terraform-provisioned":"true"},"time_created":"2025-08-17T18:34:08.518Z","timeouts":null,"uniform_bucket_level_access":true,"updated":"2025-08-17T23:31:26.749Z","url":"gs://infrastate-285001668841","versioning":[{"enabled":true}],"website":[]},"sensitive_attributes":[],"private":"eyJlMmJmYjczMC1lY2FhLTExZTYtOGY4OC0zNDM2M2JjN2M0YzAiOnsiY3JlYXRlIjo2MDAwMDAwMDAwMDAsInJlYWQiOjI0MDAwMDAwMDAwMCwidXBkYXRlIjoyNDAwMDAwMDAwMDB9LCJzY2hlbWFfdmVyc2lvbiI6IjMifQ==","dependencies":["google_project.infra_mgmt"]}]},{"mode":"managed","type":"google_storage_bucket_iam_member","name":"terragrunt_state_bucket_viewer","provider":"provider[\"registry.opentofu.org/hashicorp/google\"]","instances":[{"schema_version":0,"attributes":{"bucket":"b/infrastate-285001668841","condition":[],"etag":"CAQ=","id":"b/infrastate-285001668841/roles/storage.bucketViewer/serviceAccount:terragrunt@infra-mgmt-285001668841.iam.gserviceaccount.com","member":"serviceAccount:terragrunt@infra-mgmt-285001668841.iam.gserviceaccount.com","role":"roles/storage.bucketViewer"},"sensitive_attributes":[],"private":"bnVsbA==","dependencies":["google_project.infra_mgmt","google_service_account.terragrunt","google_storage_bucket.infrastate"]}]},{"mode":"managed","type":"google_storage_bucket_iam_member","name":"terragrunt_state_file_access","provider":"provider[\"registry.opentofu.org/hashicorp/google\"]","instances":[{"schema_version":0,"attributes":{"bucket":"b/infrastate-285001668841","condition":[{"description":"limit bucket access to only Terragrunt state files","expression":"(resource.type == 'storage.googleapis.com/Bucket' \u0026\u0026 resource.name == 'projects/_/buckets/infrastate-285001668841') || (resource.type == 'storage.googleapis.com/Object' \u0026\u0026 resource.name.startsWith('projects/_/buckets/infrastate-285001668841/objects/terragrunt/'))","title":"Terragrunt State Access Only"}],"etag":"CAQ=","id":"b/infrastate-285001668841/roles/storage.objectUser/serviceAccount:terragrunt@infra-mgmt-285001668841.iam.gserviceaccount.com/Terragrunt State Access Only/limit bucket access to only Terragrunt state files/(resource.type == 'storage.googleapis.com/Bucket' \u0026\u0026 resource.name == 'projects/_/buckets/infrastate-285001668841') || (resource.type == 'storage.googleapis.com/Object' \u0026\u0026 resource.name.startsWith('projects/_/buckets/infrastate-285001668841/objects/terragrunt/'))","member":"serviceAccount:terragrunt@infra-mgmt-285001668841.iam.gserviceaccount.com","role":"roles/storage.objectUser"},"sensitive_attributes":[],"private":"bnVsbA==","dependencies":["google_project.infra_mgmt","google_service_account.terragrunt","google_storage_bucket.infrastate"]}]},{"mode":"managed","type":"null_resource","name":"terragrunt_key","provider":"provider[\"registry.opentofu.org/hashicorp/null\"]","instances":[{"schema_version":0,"attributes":{"id":"4549701550239475050","triggers":null},"sensitive_attributes":[],"dependencies":["google_project.infra_mgmt","google_service_account.terragrunt"]}]}],"check_results":null}
