{
  "version": 4,
  "terraform_version": "1.0.11",
  "serial": 38,
  "lineage": "5636eaf7-8cf4-af51-261f-2133eea7c93c",
  "outputs": {
    "env": {
      "value": "prod",
      "type": "string"
    },
    "kms_key": {
      "value": {
        "arn": "arn:aws:kms:us-east-1:310987624463:key/5f60ace1-eaad-4a7d-bcf6-608ee8b318aa",
        "id": "5f60ace1-eaad-4a7d-bcf6-608ee8b318aa"
      },
      "type": [
        "object",
        {
          "arn": "string",
          "id": "string"
        }
      ]
    }
  },
  "resources": [
    {
      "mode": "data",
      "type": "aws_caller_identity",
      "name": "current",
      "provider": "provider[\"registry.terraform.io/hashicorp/aws\"]",
      "instances": [
        {
          "schema_version": 0,
          "attributes": {
            "account_id": "310987624463",
            "arn": "arn:aws:iam::310987624463:user/jkoelndorfer",
            "id": "310987624463",
            "user_id": "AIDAUQ2COSAHQS5EH6COX"
          },
          "sensitive_attributes": []
        }
      ]
    },
    {
      "mode": "data",
      "type": "aws_iam_policy_document",
      "name": "api_gw_logging_assume_role",
      "provider": "provider[\"registry.terraform.io/hashicorp/aws\"]",
      "instances": [
        {
          "schema_version": 0,
          "attributes": {
            "id": "856326962",
            "json": "{\n  \"Version\": \"2012-10-17\",\n  \"Statement\": [\n    {\n      \"Sid\": \"AllowAPIGatewayAssumeRoleLogging\",\n      \"Effect\": \"Allow\",\n      \"Action\": \"sts:AssumeRole\",\n      \"Principal\": {\n        \"Service\": \"apigateway.amazonaws.com\"\n      }\n    }\n  ]\n}",
            "override_json": null,
            "override_policy_documents": null,
            "policy_id": null,
            "source_json": null,
            "source_policy_documents": null,
            "statement": [
              {
                "actions": [
                  "sts:AssumeRole"
                ],
                "condition": [],
                "effect": "Allow",
                "not_actions": [],
                "not_principals": [],
                "not_resources": [],
                "principals": [
                  {
                    "identifiers": [
                      "apigateway.amazonaws.com"
                    ],
                    "type": "Service"
                  }
                ],
                "resources": [],
                "sid": "AllowAPIGatewayAssumeRoleLogging"
              }
            ],
            "version": "2012-10-17"
          },
          "sensitive_attributes": []
        }
      ]
    },
    {
      "mode": "managed",
      "type": "aws_api_gateway_account",
      "name": "api_gw",
      "provider": "provider[\"registry.terraform.io/hashicorp/aws\"]",
      "instances": [
        {
          "schema_version": 0,
          "attributes": {
            "cloudwatch_role_arn": "arn:aws:iam::310987624463:role/api-gateway-cloudwatch-logging-prod",
            "id": "api-gateway-account",
            "throttle_settings": [
              {
                "burst_limit": 5000,
                "rate_limit": 10000
              }
            ]
          },
          "sensitive_attributes": [],
          "private": "bnVsbA==",
          "dependencies": [
            "aws_iam_role.api_gw_logging",
            "aws_iam_role_policy_attachment.api_gw_logging",
            "data.aws_iam_policy_document.api_gw_logging_assume_role"
          ]
        }
      ]
    },
    {
      "mode": "managed",
      "type": "aws_iam_role",
      "name": "api_gw_logging",
      "provider": "provider[\"registry.terraform.io/hashicorp/aws\"]",
      "instances": [
        {
          "schema_version": 0,
          "attributes": {
            "arn": "arn:aws:iam::310987624463:role/api-gateway-cloudwatch-logging-prod",
            "assume_role_policy": "{\"Version\":\"2012-10-17\",\"Statement\":[{\"Sid\":\"AllowAPIGatewayAssumeRoleLogging\",\"Effect\":\"Allow\",\"Principal\":{\"Service\":\"apigateway.amazonaws.com\"},\"Action\":\"sts:AssumeRole\"}]}",
            "create_date": "2022-05-05T20:47:42Z",
            "description": "",
            "force_detach_policies": false,
            "id": "api-gateway-cloudwatch-logging-prod",
            "inline_policy": [
              {
                "name": "",
                "policy": ""
              }
            ],
            "managed_policy_arns": [],
            "max_session_duration": 3600,
            "name": "api-gateway-cloudwatch-logging-prod",
            "name_prefix": null,
            "path": "/",
            "permissions_boundary": null,
            "tags": null,
            "tags_all": {},
            "unique_id": "AROAUQ2COSAHXX66RG3XY"
          },
          "sensitive_attributes": [],
          "private": "bnVsbA==",
          "dependencies": [
            "data.aws_iam_policy_document.api_gw_logging_assume_role"
          ]
        }
      ]
    },
    {
      "mode": "managed",
      "type": "aws_iam_role_policy_attachment",
      "name": "api_gw_logging",
      "provider": "provider[\"registry.terraform.io/hashicorp/aws\"]",
      "instances": [
        {
          "schema_version": 0,
          "attributes": {
            "id": "api-gateway-cloudwatch-logging-prod-20220505204743278300000001",
            "policy_arn": "arn:aws:iam::aws:policy/service-role/AmazonAPIGatewayPushToCloudWatchLogs",
            "role": "api-gateway-cloudwatch-logging-prod"
          },
          "sensitive_attributes": [],
          "private": "bnVsbA==",
          "dependencies": [
            "aws_iam_role.api_gw_logging",
            "data.aws_iam_policy_document.api_gw_logging_assume_role"
          ]
        }
      ]
    },
    {
      "mode": "managed",
      "type": "aws_kms_key",
      "name": "enc",
      "provider": "provider[\"registry.terraform.io/hashicorp/aws\"]",
      "instances": [
        {
          "schema_version": 0,
          "attributes": {
            "arn": "arn:aws:kms:us-east-1:310987624463:key/5f60ace1-eaad-4a7d-bcf6-608ee8b318aa",
            "customer_master_key_spec": "SYMMETRIC_DEFAULT",
            "deletion_window_in_days": null,
            "description": "kms key used for general encryption",
            "enable_key_rotation": false,
            "id": "5f60ace1-eaad-4a7d-bcf6-608ee8b318aa",
            "is_enabled": true,
            "key_id": "5f60ace1-eaad-4a7d-bcf6-608ee8b318aa",
            "key_usage": "ENCRYPT_DECRYPT",
            "policy": "{\"Id\":\"key-default-1\",\"Statement\":[{\"Action\":\"kms:*\",\"Effect\":\"Allow\",\"Principal\":{\"AWS\":\"arn:aws:iam::310987624463:root\"},\"Resource\":\"*\",\"Sid\":\"Enable IAM User Permissions\"}],\"Version\":\"2012-10-17\"}",
            "tags": {
              "johnk:category": "core",
              "johnk:env": "prod"
            },
            "tags_all": {
              "johnk:category": "core",
              "johnk:env": "prod"
            }
          },
          "sensitive_attributes": []
        }
      ]
    },
    {
      "module": "module.bucket",
      "mode": "data",
      "type": "aws_caller_identity",
      "name": "current",
      "provider": "provider[\"registry.terraform.io/hashicorp/aws\"]",
      "instances": [
        {
          "schema_version": 0,
          "attributes": {
            "account_id": "310987624463",
            "arn": "arn:aws:iam::310987624463:user/jkoelndorfer",
            "id": "310987624463",
            "user_id": "AIDAUQ2COSAHQS5EH6COX"
          },
          "sensitive_attributes": []
        }
      ]
    },
    {
      "module": "module.bucket",
      "mode": "managed",
      "type": "aws_s3_bucket",
      "name": "bucket",
      "provider": "provider[\"registry.terraform.io/hashicorp/aws\"]",
      "instances": [
        {
          "schema_version": 0,
          "attributes": {
            "acceleration_status": "",
            "acl": "private",
            "arn": "arn:aws:s3:::310987624463-tfstate-prod",
            "bucket": "310987624463-tfstate-prod",
            "bucket_domain_name": "310987624463-tfstate-prod.s3.amazonaws.com",
            "bucket_prefix": null,
            "bucket_regional_domain_name": "310987624463-tfstate-prod.s3.amazonaws.com",
            "cors_rule": [],
            "force_destroy": false,
            "grant": [],
            "hosted_zone_id": "Z3AQBSTGFYJSTF",
            "id": "310987624463-tfstate-prod",
            "lifecycle_rule": [],
            "logging": [],
            "object_lock_configuration": [],
            "policy": null,
            "region": "us-east-1",
            "replication_configuration": [],
            "request_payer": "BucketOwner",
            "server_side_encryption_configuration": [
              {
                "rule": [
                  {
                    "apply_server_side_encryption_by_default": [
                      {
                        "kms_master_key_id": "5f60ace1-eaad-4a7d-bcf6-608ee8b318aa",
                        "sse_algorithm": "aws:kms"
                      }
                    ],
                    "bucket_key_enabled": false
                  }
                ]
              }
            ],
            "tags": {
              "johnk:category": "core",
              "johnk:env": "prod"
            },
            "tags_all": {
              "johnk:category": "core",
              "johnk:env": "prod"
            },
            "versioning": [
              {
                "enabled": true,
                "mfa_delete": false
              }
            ],
            "website": [],
            "website_domain": null,
            "website_endpoint": null
          },
          "sensitive_attributes": [],
          "private": "bnVsbA==",
          "dependencies": [
            "aws_kms_key.enc",
            "module.bucket.data.aws_caller_identity.current"
          ]
        }
      ]
    }
  ]
}
